// !$*UTF8*$!
{
	archiveVersion = 1;
	classes = {
	};
	objectVersion = 50;
	objects = {

/* Begin PBXBuildFile section */
		604B513224CA3EB100CD1CDA /* AppDelegate.swift in Sources */ = {isa = PBXBuildFile; fileRef = 604B513124CA3EB100CD1CDA /* AppDelegate.swift */; };
		604B513424CA3EB100CD1CDA /* SceneDelegate.swift in Sources */ = {isa = PBXBuildFile; fileRef = 604B513324CA3EB100CD1CDA /* SceneDelegate.swift */; };
		604B513724CA3EB100CD1CDA /* FriendBook.xcdatamodeld in Sources */ = {isa = PBXBuildFile; fileRef = 604B513524CA3EB100CD1CDA /* FriendBook.xcdatamodeld */; };
		604B513924CA3EB100CD1CDA /* ContentView.swift in Sources */ = {isa = PBXBuildFile; fileRef = 604B513824CA3EB100CD1CDA /* ContentView.swift */; };
		604B513B24CA3EB300CD1CDA /* Assets.xcassets in Resources */ = {isa = PBXBuildFile; fileRef = 604B513A24CA3EB300CD1CDA /* Assets.xcassets */; };
		604B513E24CA3EB300CD1CDA /* Preview Assets.xcassets in Resources */ = {isa = PBXBuildFile; fileRef = 604B513D24CA3EB300CD1CDA /* Preview Assets.xcassets */; };
		604B514124CA3EB300CD1CDA /* LaunchScreen.storyboard in Resources */ = {isa = PBXBuildFile; fileRef = 604B513F24CA3EB300CD1CDA /* LaunchScreen.storyboard */; };
		60B98E7824CD06F200EFF59D /* DetailView.swift in Sources */ = {isa = PBXBuildFile; fileRef = 60B98E7724CD06F200EFF59D /* DetailView.swift */; };
		60B98E7A24CD2D9E00EFF59D /* SecondDetailView.swift in Sources */ = {isa = PBXBuildFile; fileRef = 60B98E7924CD2D9E00EFF59D /* SecondDetailView.swift */; };
/* End PBXBuildFile section */

/* Begin PBXFileReference section */
		604B512E24CA3EB100CD1CDA /* FriendBook.app */ = {isa = PBXFileReference; explicitFileType = wrapper.application; includeInIndex = 0; path = FriendBook.app; sourceTree = BUILT_PRODUCTS_DIR; };
		604B513124CA3EB100CD1CDA /* AppDelegate.swift */ = {isa = PBXFileReference; lastKnownFileType = sourcecode.swift; path = AppDelegate.swift; sourceTree = "<group>"; };
		604B513324CA3EB100CD1CDA /* SceneDelegate.swift */ = {isa = PBXFileReference; lastKnownFileType = sourcecode.swift; path = SceneDelegate.swift; sourceTree = "<group>"; };
		604B513624CA3EB100CD1CDA /* FriendBook.xcdatamodel */ = {isa = PBXFileReference; lastKnownFileType = wrapper.xcdatamodel; path = FriendBook.xcdatamodel; sourceTree = "<group>"; };
		604B513824CA3EB100CD1CDA /* ContentView.swift */ = {isa = PBXFileReference; lastKnownFileType = sourcecode.swift; path = ContentView.swift; sourceTree = "<group>"; };
		604B513A24CA3EB300CD1CDA /* Assets.xcassets */ = {isa = PBXFileReference; lastKnownFileType = folder.assetcatalog; path = Assets.xcassets; sourceTree = "<group>"; };
		604B513D24CA3EB300CD1CDA /* Preview Assets.xcassets */ = {isa = PBXFileReference; lastKnownFileType = folder.assetcatalog; path = "Preview Assets.xcassets"; sourceTree = "<group>"; };
		604B514024CA3EB300CD1CDA /* Base */ = {isa = PBXFileReference; lastKnownFileType = file.storyboard; name = Base; path = Base.lproj/LaunchScreen.storyboard; sourceTree = "<group>"; };
		604B514224CA3EB300CD1CDA /* Info.plist */ = {isa = PBXFileReference; lastKnownFileType = text.plist.xml; path = Info.plist; sourceTree = "<group>"; };
		60B98E7724CD06F200EFF59D /* DetailView.swift */ = {isa = PBXFileReference; lastKnownFileType = sourcecode.swift; path = DetailView.swift; sourceTree = "<group>"; };
		60B98E7924CD2D9E00EFF59D /* SecondDetailView.swift */ = {isa = PBXFileReference; lastKnownFileType = sourcecode.swift; path = SecondDetailView.swift; sourceTree = "<group>"; };
/* End PBXFileReference section */

/* Begin PBXFrameworksBuildPhase section */
		604B512B24CA3EB100CD1CDA /* Frameworks */ = {
			isa = PBXFrameworksBuildPhase;
			buildActionMask = 2147483647;
			files = (
			);
			runOnlyForDeploymentPostprocessing = 0;
		};
/* End PBXFrameworksBuildPhase section */

/* Begin PBXGroup section */
		604B512524CA3EB100CD1CDA = {
			isa = PBXGroup;
			children = (
				604B513024CA3EB100CD1CDA /* FriendBook */,
				604B512F24CA3EB100CD1CDA /* Products */,
			);
			sourceTree = "<group>";
		};
		604B512F24CA3EB100CD1CDA /* Products */ = {
			isa = PBXGroup;
			children = (
				604B512E24CA3EB100CD1CDA /* FriendBook.app */,
			);
			name = Products;
			sourceTree = "<group>";
		};
		604B513024CA3EB100CD1CDA /* FriendBook */ = {
			isa = PBXGroup;
			children = (
				604B513124CA3EB100CD1CDA /* AppDelegate.swift */,
				604B513324CA3EB100CD1CDA /* SceneDelegate.swift */,
				604B513824CA3EB100CD1CDA /* ContentView.swift */,
				60B98E7724CD06F200EFF59D /* DetailView.swift */,
				60B98E7924CD2D9E00EFF59D /* SecondDetailView.swift */,
				604B513A24CA3EB300CD1CDA /* Assets.xcassets */,
				604B513F24CA3EB300CD1CDA /* LaunchScreen.storyboard */,
				604B514224CA3EB300CD1CDA /* Info.plist */,
				604B513524CA3EB100CD1CDA /* FriendBook.xcdatamodeld */,
				604B513C24CA3EB300CD1CDA /* Preview Content */,
			);
			path = FriendBook;
			sourceTree = "<group>";
		};
		604B513C24CA3EB300CD1CDA /* Preview Content */ = {
			isa = PBXGroup;
			children = (
				604B513D24CA3EB300CD1CDA /* Preview Assets.xcassets */,
			);
			path = "Preview Content";
			sourceTree = "<group>";
		};
/* End PBXGroup section */

/* Begin PBXNativeTarget section */
		604B512D24CA3EB100CD1CDA /* FriendBook */ = {
			isa = PBXNativeTarget;
			buildConfigurationList = 604B514524CA3EB300CD1CDA /* Build configuration list for PBXNativeTarget "FriendBook" */;
			buildPhases = (
				604B512A24CA3EB100CD1CDA /* Sources */,
				604B512B24CA3EB100CD1CDA /* Frameworks */,
				604B512C24CA3EB100CD1CDA /* Resources */,
			);
			buildRules = (
			);
			dependencies = (
			);
			name = FriendBook;
			productName = FriendBook;
			productReference = 604B512E24CA3EB100CD1CDA /* FriendBook.app */;
			productType = "com.apple.product-type.application";
		};
/* End PBXNativeTarget section */

/* Begin PBXProject section */
		604B512624CA3EB100CD1CDA /* Project object */ = {
			isa = PBXProject;
			attributes = {
				LastSwiftUpdateCheck = 1130;
				LastUpgradeCheck = 1130;
				ORGANIZATIONNAME = Bryan;
				TargetAttributes = {
					604B512D24CA3EB100CD1CDA = {
						CreatedOnToolsVersion = 11.3.1;
					};
				};
			};
			buildConfigurationList = 604B512924CA3EB100CD1CDA /* Build configuration list for PBXProject "FriendBook" */;
			compatibilityVersion = "Xcode 9.3";
			developmentRegion = en;
			hasScannedForEncodings = 0;
			knownRegions = (
				en,
				Base,
			);
			mainGroup = 604B512524CA3EB100CD1CDA;
			productRefGroup = 604B512F24CA3EB100CD1CDA /* Products */;
			projectDirPath = "";
			projectRoot = "";
			targets = (
				604B512D24CA3EB100CD1CDA /* FriendBook */,
			);
		};
/* End PBXProject section */

/* Begin PBXResourcesBuildPhase section */
		604B512C24CA3EB100CD1CDA /* Resources */ = {
			isa = PBXResourcesBuildPhase;
			buildActionMask = 2147483647;
			files = (
				604B514124CA3EB300CD1CDA /* LaunchScreen.storyboard in Resources */,
				604B513E24CA3EB300CD1CDA /* Preview Assets.xcassets in Resources */,
				604B513B24CA3EB300CD1CDA /* Assets.xcassets in Resources */,
			);
			runOnlyForDeploymentPostprocessing = 0;
		};
/* End PBXResourcesBuildPhase section */

/* Begin PBXSourcesBuildPhase section */
		604B512A24CA3EB100CD1CDA /* Sources */ = {
			isa = PBXSourcesBuildPhase;
			buildActionMask = 2147483647;
			files = (
				604B513224CA3EB100CD1CDA /* AppDelegate.swift in Sources */,
				604B513724CA3EB100CD1CDA /* FriendBook.xcdatamodeld in Sources */,
				604B513924CA3EB100CD1CDA /* ContentView.swift in Sources */,
				60B98E7824CD06F200EFF59D /* DetailView.swift in Sources */,
				604B513424CA3EB100CD1CDA /* SceneDelegate.swift in Sources */,
				60B98E7A24CD2D9E00EFF59D /* SecondDetailView.swift in Sources */,
			);
			runOnlyForDeploymentPostprocessing = 0;
		};
/* End PBXSourcesBuildPhase section */

/* Begin PBXVariantGroup section */
		604B513F24CA3EB300CD1CDA /* LaunchScreen.storyboard */ = {
			isa = PBXVariantGroup;
			children = (
				604B514024CA3EB300CD1CDA /* Base */,
			);
			name = LaunchScreen.storyboard;
			sourceTree = "<group>";
		};
/* End PBXVariantGroup section */

/* Begin XCBuildConfiguration section */
		604B514324CA3EB300CD1CDA /* Debug */ = {
			isa = XCBuildConfiguration;
			buildSettings = {
				ALWAYS_SEARCH_USER_PATHS = NO;
				CLANG_ANALYZER_NONNULL = YES;
				CLANG_ANALYZER_NUMBER_OBJECT_CONVERSION = YES_AGGRESSIVE;
				CLANG_CXX_LANGUAGE_STANDARD = "gnu++14";
				CLANG_CXX_LIBRARY = "libc++";
				CLANG_ENABLE_MODULES = YES;
				CLANG_ENABLE_OBJC_ARC = YES;
				CLANG_ENABLE_OBJC_WEAK = YES;
				CLANG_WARN_BLOCK_CAPTURE_AUTORELEASING = YES;
				CLANG_WARN_BOOL_CONVERSION = YES;
				CLANG_WARN_COMMA = YES;
				CLANG_WARN_CONSTANT_CONVERSION = YES;
				CLANG_WARN_DEPRECATED_OBJC_IMPLEMENTATIONS = YES;
				CLANG_WARN_DIRECT_OBJC_ISA_USAGE = YES_ERROR;
				CLANG_WARN_DOCUMENTATION_COMMENTS = YES;
				CLANG_WARN_EMPTY_BODY = YES;
				CLANG_WARN_ENUM_CONVERSION = YES;
				CLANG_WARN_INFINITE_RECURSION = YES;
				CLANG_WARN_INT_CONVERSION = YES;
				CLANG_WARN_NON_LITERAL_NULL_CONVERSION = YES;
				CLANG_WARN_OBJC_IMPLICIT_RETAIN_SELF = YES;
				CLANG_WARN_OBJC_LITERAL_CONVERSION = YES;
				CLANG_WARN_OBJC_ROOT_CLASS = YES_ERROR;
				CLANG_WARN_RANGE_LOOP_ANALYSIS = YES;
				CLANG_WARN_STRICT_PROTOTYPES = YES;
				CLANG_WARN_SUSPICIOUS_MOVE = YES;
				CLANG_WARN_UNGUARDED_AVAILABILITY = YES_AGGRESSIVE;
				CLANG_WARN_UNREACHABLE_CODE = YES;
				CLANG_WARN__DUPLICATE_METHOD_MATCH = YES;
				COPY_PHASE_STRIP = NO;
				DEBUG_INFORMATION_FORMAT = dwarf;
				ENABLE_STRICT_OBJC_MSGSEND = YES;
				ENABLE_TESTABILITY = YES;
				GCC_C_LANGUAGE_STANDARD = gnu11;
				GCC_DYNAMIC_NO_PIC = NO;
				GCC_NO_COMMON_BLOCKS = YES;
				GCC_OPTIMIZATION_LEVEL = 0;
				GCC_PREPROCESSOR_DEFINITIONS = (
					"DEBUG=1",
					"$(inherited)",
				);
				GCC_WARN_64_TO_32_BIT_CONVERSION = YES;
				GCC_WARN_ABOUT_RETURN_TYPE = YES_ERROR;
				GCC_WARN_UNDECLARED_SELECTOR = YES;
				GCC_WARN_UNINITIALIZED_AUTOS = YES_AGGRESSIVE;
				GCC_WARN_UNUSED_FUNCTION = YES;
				GCC_WARN_UNUSED_VARIABLE = YES;
				IPHONEOS_DEPLOYMENT_TARGET = 13.2;
				MTL_ENABLE_DEBUG_INFO = INCLUDE_SOURCE;
				MTL_FAST_MATH = YES;
				ONLY_ACTIVE_ARCH = YES;
				SDKROOT = iphoneos;
				SWIFT_ACTIVE_COMPILATION_CONDITIONS = DEBUG;
				SWIFT_OPTIMIZATION_LEVEL = "-Onone";
			};
			name = Debug;
		};
		604B514424CA3EB300CD1CDA /* Release */ = {
			isa = XCBuildConfiguration;
			buildSettings = {
				ALWAYS_SEARCH_USER_PATHS = NO;
				CLANG_ANALYZER_NONNULL = YES;
				CLANG_ANALYZER_NUMBER_OBJECT_CONVERSION = YES_AGGRESSIVE;
				CLANG_CXX_LANGUAGE_STANDARD = "gnu++14";
				CLANG_CXX_LIBRARY = "libc++";
				CLANG_ENABLE_MODULES = YES;
				CLANG_ENABLE_OBJC_ARC = YES;
				CLANG_ENABLE_OBJC_WEAK = YES;
				CLANG_WARN_BLOCK_CAPTURE_AUTORELEASING = YES;
				CLANG_WARN_BOOL_CONVERSION = YES;
				CLANG_WARN_COMMA = YES;
				CLANG_WARN_CONSTANT_CONVERSION = YES;
				CLANG_WARN_DEPRECATED_OBJC_IMPLEMENTATIONS = YES;
				CLANG_WARN_DIRECT_OBJC_ISA_USAGE = YES_ERROR;
				CLANG_WARN_DOCUMENTATION_COMMENTS = YES;
				CLANG_WARN_EMPTY_BODY = YES;
				CLANG_WARN_ENUM_CONVERSION = YES;
				CLANG_WARN_INFINITE_RECURSION = YES;
				CLANG_WARN_INT_CONVERSION = YES;
				CLANG_WARN_NON_LITERAL_NULL_CONVERSION = YES;
				CLANG_WARN_OBJC_IMPLICIT_RETAIN_SELF = YES;
				CLANG_WARN_OBJC_LITERAL_CONVERSION = YES;
				CLANG_WARN_OBJC_ROOT_CLASS = YES_ERROR;
				CLANG_WARN_RANGE_LOOP_ANALYSIS = YES;
				CLANG_WARN_STRICT_PROTOTYPES = YES;
				CLANG_WARN_SUSPICIOUS_MOVE = YES;
				CLANG_WARN_UNGUARDED_AVAILABILITY = YES_AGGRESSIVE;
				CLANG_WARN_UNREACHABLE_CODE = YES;
				CLANG_WARN__DUPLICATE_METHOD_MATCH = YES;
				COPY_PHASE_STRIP = NO;
				DEBUG_INFORMATION_FORMAT = "dwarf-with-dsym";
				ENABLE_NS_ASSERTIONS = NO;
				ENABLE_STRICT_OBJC_MSGSEND = YES;
				GCC_C_LANGUAGE_STANDARD = gnu11;
				GCC_NO_COMMON_BLOCKS = YES;
				GCC_WARN_64_TO_32_BIT_CONVERSION = YES;
				GCC_WARN_ABOUT_RETURN_TYPE = YES_ERROR;
				GCC_WARN_UNDECLARED_SELECTOR = YES;
				GCC_WARN_UNINITIALIZED_AUTOS = YES_AGGRESSIVE;
				GCC_WARN_UNUSED_FUNCTION = YES;
				GCC_WARN_UNUSED_VARIABLE = YES;
				IPHONEOS_DEPLOYMENT_TARGET = 13.2;
				MTL_ENABLE_DEBUG_INFO = NO;
				MTL_FAST_MATH = YES;
				SDKROOT = iphoneos;
				SWIFT_COMPILATION_MODE = wholemodule;
				SWIFT_OPTIMIZATION_LEVEL = "-O";
				VALIDATE_PRODUCT = YES;
			};
			name = Release;
		};
		604B514624CA3EB300CD1CDA /* Debug */ = {
			isa = XCBuildConfiguration;
			buildSettings = {
				ASSETCATALOG_COMPILER_APPICON_NAME = AppIcon;
				CODE_SIGN_STYLE = Automatic;
				DEVELOPMENT_ASSET_PATHS = "\"FriendBook/Preview Content\"";
				ENABLE_PREVIEWS = YES;
				INFOPLIST_FILE = FriendBook/Info.plist;
				LD_RUNPATH_SEARCH_PATHS = (
					"$(inherited)",
					"@executable_path/Frameworks",
				);
				PRODUCT_BUNDLE_IDENTIFIER = com.example.FriendBook;
				PRODUCT_NAME = "$(TARGET_NAME)";
				SWIFT_VERSION = 5.0;
				TARGETED_DEVICE_FAMILY = "1,2";
			};
			name = Debug;
		};
		604B514724CA3EB300CD1CDA /* Release */ = {
			isa = XCBuildConfiguration;
			buildSettings = {
				ASSETCATALOG_COMPILER_APPICON_NAME = AppIcon;
				CODE_SIGN_STYLE = Automatic;
				DEVELOPMENT_ASSET_PATHS = "\"FriendBook/Preview Content\"";
				ENABLE_PREVIEWS = YES;
				INFOPLIST_FILE = FriendBook/Info.plist;
				LD_RUNPATH_SEARCH_PATHS = (
					"$(inherited)",
					"@executable_path/Frameworks",
				);
				PRODUCT_BUNDLE_IDENTIFIER = com.example.FriendBook;
				PRODUCT_NAME = "$(TARGET_NAME)";
				SWIFT_VERSION = 5.0;
				TARGETED_DEVICE_FAMILY = "1,2";
			};
			name = Release;
		};
/* End XCBuildConfiguration section */

/* Begin XCConfigurationList section */
		604B512924CA3EB100CD1CDA /* Build configuration list for PBXProject "FriendBook" */ = {
			isa = XCConfigurationList;
			buildConfigurations = (
				604B514324CA3EB300CD1CDA /* Debug */,
				604B514424CA3EB300CD1CDA /* Release */,
			);
			defaultConfigurationIsVisible = 0;
			defaultConfigurationName = Release;
		};
		604B514524CA3EB300CD1CDA /* Build configuration list for PBXNativeTarget "FriendBook" */ = {
			isa = XCConfigurationList;
			buildConfigurations = (
				604B514624CA3EB300CD1CDA /* Debug */,
				604B514724CA3EB300CD1CDA /* Release */,
			);
			defaultConfigurationIsVisible = 0;
			defaultConfigurationName = Release;
		};
/* End XCConfigurationList section */

/* Begin XCVersionGroup section */
		604B513524CA3EB100CD1CDA /* FriendBook.xcdatamodeld */ = {
			isa = XCVersionGroup;
			children = (
				604B513624CA3EB100CD1CDA /* FriendBook.xcdatamodel */,
			);
			currentVersion = 604B513624CA3EB100CD1CDA /* FriendBook.xcdatamodel */;
			path = FriendBook.xcdatamodeld;
			sourceTree = "<group>";
			versionGroupType = wrapper.xcdatamodel;
		};
/* End XCVersionGroup section */
	};
	rootObject = 604B512624CA3EB100CD1CDA /* Project object */;
}
